// !$*UTF8*$!
{
	archiveVersion = 1;
	classes = {
	};
	objectVersion = 46;
	objects = {

/* Begin PBXBuildFile section */
		3FBC6B1B1BD8B55E004061DD /* main.swift in Sources */ = {isa = PBXBuildFile; fileRef = 3FBC6B1A1BD8B55E004061DD /* main.swift */; };
/* End PBXBuildFile section */

/* Begin PBXCopyFilesBuildPhase section */
		3FBC6B151BD8B55E004061DD /* CopyFiles */ = {
			isa = PBXCopyFilesBuildPhase;
			buildActionMask = 2147483647;
			dstPath = /usr/share/man/man1/;
			dstSubfolderSpec = 0;
			files = (
			);
			runOnlyForDeploymentPostprocessing = 1;
		};
/* End PBXCopyFilesBuildPhase section */

/* Begin PBXFileReference section */
		3FBC6B171BD8B55E004061DD /* Functions (Advanced) */ = {isa = PBXFileReference; explicitFileType = "compiled.mach-o.executable"; includeInIndex = 0; path = "Functions (Advanced)"; sourceTree = BUILT_PRODUCTS_DIR; };
		3FBC6B1A1BD8B55E004061DD /* main.swift */ = {isa = PBXFileReference; lastKnownFileType = sourcecode.swift; path = main.swift; sourceTree = "<group>"; };
/* End PBXFileReference section */

/* Begin PBXFrameworksBuildPhase section */
		3FBC6B141BD8B55E004061DD /* Frameworks */ = {
			isa = PBXFrameworksBuildPhase;
			buildActionMask = 2147483647;
			files = (
			);
			runOnlyForDeploymentPostprocessing = 0;
		};
/* End PBXFrameworksBuildPhase section */

/* Begin PBXGroup section */
		3FBC6B0E1BD8B55E004061DD = {
			isa = PBXGroup;
			children = (
				3FBC6B191BD8B55E004061DD /* Functions (Advanced) */,
				3FBC6B181BD8B55E004061DD /* Products */,
			);
			sourceTree = "<group>";
		};
		3FBC6B181BD8B55E004061DD /* Products */ = {
			isa = PBXGroup;
			children = (
				3FBC6B171BD8B55E004061DD /* Functions (Advanced) */,
			);
			name = Products;
			sourceTree = "<group>";
		};
		3FBC6B191BD8B55E004061DD /* Functions (Advanced) */ = {
			isa = PBXGroup;
			children = (
				3FBC6B1A1BD8B55E004061DD /* main.swift */,
			);
			path = "Functions (Advanced)";
			sourceTree = "<group>";
		};
/* End PBXGroup section */

/* Begin PBXNativeTarget section */
		3FBC6B161BD8B55E004061DD /* Functions (Advanced) */ = {
			isa = PBXNativeTarget;
			buildConfigurationList = 3FBC6B1E1BD8B55E004061DD /* Build configuration list for PBXNativeTarget "Functions (Advanced)" */;
			buildPhases = (
				3FBC6B131BD8B55E004061DD /* Sources */,
				3FBC6B141BD8B55E004061DD /* Frameworks */,
				3FBC6B151BD8B55E004061DD /* CopyFiles */,
			);
			buildRules = (
			);
			dependencies = (
			);
			name = "Functions (Advanced)";
			productName = "Functions (Advanced)";
			productReference = 3FBC6B171BD8B55E004061DD /* Functions (Advanced) */;
			productType = "com.apple.product-type.tool";
		};
/* End PBXNativeTarget section */

/* Begin PBXProject section */
		3FBC6B0F1BD8B55E004061DD /* Project object */ = {
			isa = PBXProject;
			attributes = {
				LastUpgradeCheck = 0700;
				ORGANIZATIONNAME = "Guy Azran";
				TargetAttributes = {
					3FBC6B161BD8B55E004061DD = {
						CreatedOnToolsVersion = 7.0.1;
					};
				};
			};
			buildConfigurationList = 3FBC6B121BD8B55E004061DD /* Build configuration list for PBXProject "Functions (Advanced)" */;
			compatibilityVersion = "Xcode 3.2";
			developmentRegion = English;
			hasScannedForEncodings = 0;
			knownRegions = (
				en,
			);
			mainGroup = 3FBC6B0E1BD8B55E004061DD;
			productRefGroup = 3FBC6B181BD8B55E004061DD /* Products */;
			projectDirPath = "";
			projectRoot = "";
			targets = (
				3FBC6B161BD8B55E004061DD /* Functions (Advanced) */,
			);
		};
/* End PBXProject section */

/* Begin PBXSourcesBuildPhase section */
		3FBC6B131BD8B55E004061DD /* Sources */ = {
			isa = PBXSourcesBuildPhase;
			buildActionMask = 2147483647;
			files = (
				3FBC6B1B1BD8B55E004061DD /* main.swift in Sources */,
			);
			runOnlyForDeploymentPostprocessing = 0;
		};
/* End PBXSourcesBuildPhase section */

/* Begin XCBuildConfiguration section */
		3FBC6B1C1BD8B55E004061DD /* Debug */ = {
			isa = XCBuildConfiguration;
			buildSettings = {
				ALWAYS_SEARCH_USER_PATHS = NO;
				CLANG_CXX_LANGUAGE_STANDARD = "gnu++0x";
				CLANG_CXX_LIBRARY = "libc++";
				CLANG_ENABLE_MODULES = YES;
				CLANG_ENABLE_OBJC_ARC = YES;
				CLANG_WARN_BOOL_CONVERSION = YES;
				CLANG_WARN_CONSTANT_CONVERSION = YES;
				CLANG_WARN_DIRECT_OBJC_ISA_USAGE = YES_ERROR;
				CLANG_WARN_EMPTY_BODY = YES;
				CLANG_WARN_ENUM_CONVERSION = YES;
				CLANG_WARN_INT_CONVERSION = YES;
				CLANG_WARN_OBJC_ROOT_CLASS = YES_ERROR;
				CLANG_WARN_UNREACHABLE_CODE = YES;
				CLANG_WARN__DUPLICATE_METHOD_MATCH = YES;
				COPY_PHASE_STRIP = NO;
				DEBUG_INFORMATION_FORMAT = dwarf;
				ENABLE_STRICT_OBJC_MSGSEND = YES;
				ENABLE_TESTABILITY = YES;
				GCC_C_LANGUAGE_STANDARD = gnu99;
				GCC_DYNAMIC_NO_PIC = NO;
				GCC_NO_COMMON_BLOCKS = YES;
				GCC_OPTIMIZATION_LEVEL = 0;
				GCC_PREPROCESSOR_DEFINITIONS = (
					"DEBUG=1",
					"$(inherited)",
				);
				GCC_WARN_64_TO_32_BIT_CONVERSION = YES;
				GCC_WARN_ABOUT_RETURN_TYPE = YES_ERROR;
				GCC_WARN_UNDECLARED_SELECTOR = YES;
				GCC_WARN_UNINITIALIZED_AUTOS = YES_AGGRESSIVE;
				GCC_WARN_UNUSED_FUNCTION = YES;
				GCC_WARN_UNUSED_VARIABLE = YES;
				MACOSX_DEPLOYMENT_TARGET = 10.11;
				MTL_ENABLE_DEBUG_INFO = YES;
				ONLY_ACTIVE_ARCH = YES;
				SDKROOT = macosx;
				SWIFT_OPTIMIZATION_LEVEL = "-Onone";
			};
			name = Debug;
		};
		3FBC6B1D1BD8B55E004061DD /* Release */ = {
			isa = XCBuildConfiguration;
			buildSettings = {
				ALWAYS_SEARCH_USER_PATHS = NO;
				CLANG_CXX_LANGUAGE_STANDARD = "gnu++0x";
				CLANG_CXX_LIBRARY = "libc++";
				CLANG_ENABLE_MODULES = YES;
				CLANG_ENABLE_OBJC_ARC = YES;
				CLANG_WARN_BOOL_CONVERSION = YES;
				CLANG_WARN_CONSTANT_CONVERSION = YES;
				CLANG_WARN_DIRECT_OBJC_ISA_USAGE = YES_ERROR;
				CLANG_WARN_EMPTY_BODY = YES;
				CLANG_WARN_ENUM_CONVERSION = YES;
				CLANG_WARN_INT_CONVERSION = YES;
				CLANG_WARN_OBJC_ROOT_CLASS = YES_ERROR;
				CLANG_WARN_UNREACHABLE_CODE = YES;
				CLANG_WARN__DUPLICATE_METHOD_MATCH = YES;
				COPY_PHASE_STRIP = NO;
				DEBUG_INFORMATION_FORMAT = "dwarf-with-dsym";
				ENABLE_NS_ASSERTIONS = NO;
				ENABLE_STRICT_OBJC_MSGSEND = YES;
				GCC_C_LANGUAGE_STANDARD = gnu99;
				GCC_NO_COMMON_BLOCKS = YES;
				GCC_WARN_64_TO_32_BIT_CONVERSION = YES;
				GCC_WARN_ABOUT_RETURN_TYPE = YES_ERROR;
				GCC_WARN_UNDECLARED_SELECTOR = YES;
				GCC_WARN_UNINITIALIZED_AUTOS = YES_AGGRESSIVE;
				GCC_WARN_UNUSED_FUNCTION = YES;
				GCC_WARN_UNUSED_VARIABLE = YES;
				MACOSX_DEPLOYMENT_TARGET = 10.11;
				MTL_ENABLE_DEBUG_INFO = NO;
				SDKROOT = macosx;
			};
			name = Release;
		};
		3FBC6B1F1BD8B55E004061DD /* Debug */ = {
			isa = XCBuildConfiguration;
			buildSettings = {
				PRODUCT_NAME = "$(TARGET_NAME)";
			};
			name = Debug;
		};
		3FBC6B201BD8B55E004061DD /* Release */ = {
			isa = XCBuildConfiguration;
			buildSettings = {
				PRODUCT_NAME = "$(TARGET_NAME)";
			};
			name = Release;
		};
/* End XCBuildConfiguration section */

/* Begin XCConfigurationList section */
		3FBC6B121BD8B55E004061DD /* Build configuration list for PBXProject "Functions (Advanced)" */ = {
			isa = XCConfigurationList;
			buildConfigurations = (
				3FBC6B1C1BD8B55E004061DD /* Debug */,
				3FBC6B1D1BD8B55E004061DD /* Release */,
			);
			defaultConfigurationIsVisible = 0;
			defaultConfigurationName = Release;
		};
		3FBC6B1E1BD8B55E004061DD /* Build configuration list for PBXNativeTarget "Functions (Advanced)" */ = {
			isa = XCConfigurationList;
			buildConfigurations = (
				3FBC6B1F1BD8B55E004061DD /* Debug */,
				3FBC6B201BD8B55E004061DD /* Release */,
			);
			defaultConfigurationIsVisible = 0;
		};
/* End XCConfigurationList section */
	};
	rootObject = 3FBC6B0F1BD8B55E004061DD /* Project object */;
}
